
Microsoft Visual Studio Solution File, Format Version 12.00
# Visual Studio Version 17
VisualStudioVersion = 17.0.32014.148
MinimumVisualStudioVersion = 10.0.40219.1
Project("{FAE04EC0-301F-11D3-BF4B-00C04F79EFBC}") = "notesappp", "notesappp.csproj", "{E040E033-FF02-471A-A4F1-7F7A0B662D9B}"
EndProject
Global
	GlobalSection(SolutionConfigurationPlatforms) = preSolution
		Debug|Any CPU = Debug|Any CPU
		Release|Any CPU = Release|Any CPU
	EndGlobalSection
	GlobalSection(ProjectConfigurationPlatforms) = postSolution
		{E040E033-FF02-471A-A4F1-7F7A0B662D9B}.Debug|Any CPU.ActiveCfg = Debug|Any CPU
		{E040E033-FF02-471A-A4F1-7F7A0B662D9B}.Debug|Any CPU.Build.0 = Debug|Any CPU
		{E040E033-FF02-471A-A4F1-7F7A0B662D9B}.Release|Any CPU.ActiveCfg = Release|Any CPU
		{E040E033-FF02-471A-A4F1-7F7A0B662D9B}.Release|Any CPU.Build.0 = Release|Any CPU
	EndGlobalSection
	GlobalSection(SolutionProperties) = preSolution
		HideSolutionNode = FALSE
	EndGlobalSection
	GlobalSection(ExtensibilityGlobals) = postSolution
		SolutionGuid = {FFBE7AFE-7BA6-4DD9-9C83-49DE53D5078B}
	EndGlobalSection
EndGlobal
